
Microsoft Visual Studio Solution File, Format Version 12.00
# Visual Studio Version 16
VisualStudioVersion = 16.0.31605.320
MinimumVisualStudioVersion = 10.0.40219.1
Project("{FAE04EC0-301F-11D3-BF4B-00C04F79EFBC}") = "SHA256", "SHA256\SHA256.csproj", "{F918EA02-A254-4617-A5DC-34B55EBEF075}"
EndProject
Project("{FAE04EC0-301F-11D3-BF4B-00C04F79EFBC}") = "SHA256 Tests", "SHA256 Tests\SHA256 Tests.csproj", "{28CCC29F-15F8-4DA9-83FC-ECED1B63F86F}"
EndProject
Global
	GlobalSection(SolutionConfigurationPlatforms) = preSolution
		Debug|Any CPU = Debug|Any CPU
		Release|Any CPU = Release|Any CPU
	EndGlobalSection
	GlobalSection(ProjectConfigurationPlatforms) = postSolution
		{F918EA02-A254-4617-A5DC-34B55EBEF075}.Debug|Any CPU.ActiveCfg = Debug|Any CPU
		{F918EA02-A254-4617-A5DC-34B55EBEF075}.Debug|Any CPU.Build.0 = Debug|Any CPU
		{F918EA02-A254-4617-A5DC-34B55EBEF075}.Release|Any CPU.ActiveCfg = Release|Any CPU
		{F918EA02-A254-4617-A5DC-34B55EBEF075}.Release|Any CPU.Build.0 = Release|Any CPU
		{28CCC29F-15F8-4DA9-83FC-ECED1B63F86F}.Debug|Any CPU.ActiveCfg = Debug|Any CPU
		{28CCC29F-15F8-4DA9-83FC-ECED1B63F86F}.Debug|Any CPU.Build.0 = Debug|Any CPU
		{28CCC29F-15F8-4DA9-83FC-ECED1B63F86F}.Release|Any CPU.ActiveCfg = Release|Any CPU
		{28CCC29F-15F8-4DA9-83FC-ECED1B63F86F}.Release|Any CPU.Build.0 = Release|Any CPU
	EndGlobalSection
	GlobalSection(SolutionProperties) = preSolution
		HideSolutionNode = FALSE
	EndGlobalSection
	GlobalSection(ExtensibilityGlobals) = postSolution
		SolutionGuid = {0155014C-F2A3-470C-A25B-ABB93222E7A6}
	EndGlobalSection
EndGlobal
